
Microsoft Visual Studio Solution File, Format Version 12.00
# Visual Studio Version 17
VisualStudioVersion = 17.0.31903.59
MinimumVisualStudioVersion = 10.0.40219.1
Project("{2150E333-8FDC-42A3-9474-1A3956D46DE8}") = "src", "src", "{827E0CD3-B72D-47B6-A68D-7590B98EB39B}"
EndProject
Project("{FAE04EC0-301F-11D3-BF4B-00C04F79EFBC}") = "ECommerce.API", "src\ECommerce.API\ECommerce.API.csproj", "{E55461E2-6BD7-4BDE-9C7C-549052FD417A}"
EndProject
Project("{FAE04EC0-301F-11D3-BF4B-00C04F79EFBC}") = "ECommerce.Client", "src\ECommerce.Client\ECommerce.Client.csproj", "{4475825C-63D8-431F-B008-94DB28896A49}"
EndProject
Project("{FAE04EC0-301F-11D3-BF4B-00C04F79EFBC}") = "ECommerce.Shared", "src\ECommerce.Shared\ECommerce.Shared.csproj", "{5A26CB72-21A8-47DB-A6E4-A647B383A3FB}"
EndProject
Project("{2150E333-8FDC-42A3-9474-1A3956D46DE8}") = "tests", "tests", "{0AB3BF05-4346-4AA6-1389-037BE0695223}"
EndProject
Project("{FAE04EC0-301F-11D3-BF4B-00C04F79EFBC}") = "ECommerce.Tests", "tests\ECommerce.Tests\ECommerce.Tests.csproj", "{265860B6-B748-4BB8-802C-820C3B63CB38}"
EndProject
Global
	GlobalSection(SolutionConfigurationPlatforms) = preSolution
		Debug|Any CPU = Debug|Any CPU
		Debug|x64 = Debug|x64
		Debug|x86 = Debug|x86
		Release|Any CPU = Release|Any CPU
		Release|x64 = Release|x64
		Release|x86 = Release|x86
	EndGlobalSection
	GlobalSection(ProjectConfigurationPlatforms) = postSolution
		{E55461E2-6BD7-4BDE-9C7C-549052FD417A}.Debug|Any CPU.ActiveCfg = Debug|Any CPU
		{E55461E2-6BD7-4BDE-9C7C-549052FD417A}.Debug|Any CPU.Build.0 = Debug|Any CPU
		{E55461E2-6BD7-4BDE-9C7C-549052FD417A}.Debug|x64.ActiveCfg = Debug|Any CPU
		{E55461E2-6BD7-4BDE-9C7C-549052FD417A}.Debug|x64.Build.0 = Debug|Any CPU
		{E55461E2-6BD7-4BDE-9C7C-549052FD417A}.Debug|x86.ActiveCfg = Debug|Any CPU
		{E55461E2-6BD7-4BDE-9C7C-549052FD417A}.Debug|x86.Build.0 = Debug|Any CPU
		{E55461E2-6BD7-4BDE-9C7C-549052FD417A}.Release|Any CPU.ActiveCfg = Release|Any CPU
		{E55461E2-6BD7-4BDE-9C7C-549052FD417A}.Release|Any CPU.Build.0 = Release|Any CPU
		{E55461E2-6BD7-4BDE-9C7C-549052FD417A}.Release|x64.ActiveCfg = Release|Any CPU
		{E55461E2-6BD7-4BDE-9C7C-549052FD417A}.Release|x64.Build.0 = Release|Any CPU
		{E55461E2-6BD7-4BDE-9C7C-549052FD417A}.Release|x86.ActiveCfg = Release|Any CPU
		{E55461E2-6BD7-4BDE-9C7C-549052FD417A}.Release|x86.Build.0 = Release|Any CPU
		{4475825C-63D8-431F-B008-94DB28896A49}.Debug|Any CPU.ActiveCfg = Debug|Any CPU
		{4475825C-63D8-431F-B008-94DB28896A49}.Debug|Any CPU.Build.0 = Debug|Any CPU
		{4475825C-63D8-431F-B008-94DB28896A49}.Debug|x64.ActiveCfg = Debug|Any CPU
		{4475825C-63D8-431F-B008-94DB28896A49}.Debug|x64.Build.0 = Debug|Any CPU
		{4475825C-63D8-431F-B008-94DB28896A49}.Debug|x86.ActiveCfg = Debug|Any CPU
		{4475825C-63D8-431F-B008-94DB28896A49}.Debug|x86.Build.0 = Debug|Any CPU
		{4475825C-63D8-431F-B008-94DB28896A49}.Release|Any CPU.ActiveCfg = Release|Any CPU
		{4475825C-63D8-431F-B008-94DB28896A49}.Release|Any CPU.Build.0 = Release|Any CPU
		{4475825C-63D8-431F-B008-94DB28896A49}.Release|x64.ActiveCfg = Release|Any CPU
		{4475825C-63D8-431F-B008-94DB28896A49}.Release|x64.Build.0 = Release|Any CPU
		{4475825C-63D8-431F-B008-94DB28896A49}.Release|x86.ActiveCfg = Release|Any CPU
		{4475825C-63D8-431F-B008-94DB28896A49}.Release|x86.Build.0 = Release|Any CPU
		{5A26CB72-21A8-47DB-A6E4-A647B383A3FB}.Debug|Any CPU.ActiveCfg = Debug|Any CPU
		{5A26CB72-21A8-47DB-A6E4-A647B383A3FB}.Debug|Any CPU.Build.0 = Debug|Any CPU
		{5A26CB72-21A8-47DB-A6E4-A647B383A3FB}.Debug|x64.ActiveCfg = Debug|Any CPU
		{5A26CB72-21A8-47DB-A6E4-A647B383A3FB}.Debug|x64.Build.0 = Debug|Any CPU
		{5A26CB72-21A8-47DB-A6E4-A647B383A3FB}.Debug|x86.ActiveCfg = Debug|Any CPU
		{5A26CB72-21A8-47DB-A6E4-A647B383A3FB}.Debug|x86.Build.0 = Debug|Any CPU
		{5A26CB72-21A8-47DB-A6E4-A647B383A3FB}.Release|Any CPU.ActiveCfg = Release|Any CPU
		{5A26CB72-21A8-47DB-A6E4-A647B383A3FB}.Release|Any CPU.Build.0 = Release|Any CPU
		{5A26CB72-21A8-47DB-A6E4-A647B383A3FB}.Release|x64.ActiveCfg = Release|Any CPU
		{5A26CB72-21A8-47DB-A6E4-A647B383A3FB}.Release|x64.Build.0 = Release|Any CPU
		{5A26CB72-21A8-47DB-A6E4-A647B383A3FB}.Release|x86.ActiveCfg = Release|Any CPU
		{5A26CB72-21A8-47DB-A6E4-A647B383A3FB}.Release|x86.Build.0 = Release|Any CPU
		{265860B6-B748-4BB8-802C-820C3B63CB38}.Debug|Any CPU.ActiveCfg = Debug|Any CPU
		{265860B6-B748-4BB8-802C-820C3B63CB38}.Debug|Any CPU.Build.0 = Debug|Any CPU
		{265860B6-B748-4BB8-802C-820C3B63CB38}.Debug|x64.ActiveCfg = Debug|Any CPU
		{265860B6-B748-4BB8-802C-820C3B63CB38}.Debug|x64.Build.0 = Debug|Any CPU
		{265860B6-B748-4BB8-802C-820C3B63CB38}.Debug|x86.ActiveCfg = Debug|Any CPU
		{265860B6-B748-4BB8-802C-820C3B63CB38}.Debug|x86.Build.0 = Debug|Any CPU
		{265860B6-B748-4BB8-802C-820C3B63CB38}.Release|Any CPU.ActiveCfg = Release|Any CPU
		{265860B6-B748-4BB8-802C-820C3B63CB38}.Release|Any CPU.Build.0 = Release|Any CPU
		{265860B6-B748-4BB8-802C-820C3B63CB38}.Release|x64.ActiveCfg = Release|Any CPU
		{265860B6-B748-4BB8-802C-820C3B63CB38}.Release|x64.Build.0 = Release|Any CPU
		{265860B6-B748-4BB8-802C-820C3B63CB38}.Release|x86.ActiveCfg = Release|Any CPU
		{265860B6-B748-4BB8-802C-820C3B63CB38}.Release|x86.Build.0 = Release|Any CPU
	EndGlobalSection
	GlobalSection(SolutionProperties) = preSolution
		HideSolutionNode = FALSE
	EndGlobalSection
	GlobalSection(NestedProjects) = preSolution
		{E55461E2-6BD7-4BDE-9C7C-549052FD417A} = {827E0CD3-B72D-47B6-A68D-7590B98EB39B}
		{4475825C-63D8-431F-B008-94DB28896A49} = {827E0CD3-B72D-47B6-A68D-7590B98EB39B}
		{5A26CB72-21A8-47DB-A6E4-A647B383A3FB} = {827E0CD3-B72D-47B6-A68D-7590B98EB39B}
		{265860B6-B748-4BB8-802C-820C3B63CB38} = {0AB3BF05-4346-4AA6-1389-037BE0695223}
	EndGlobalSection
EndGlobal
